
Microsoft Visual Studio Solution File, Format Version 12.00
# Visual Studio Version 17
VisualStudioVersion = 17.6.33801.468
MinimumVisualStudioVersion = 10.0.40219.1
Project("{2150E333-8FDC-42A3-9474-1A3956D46DE8}") = "Core", "Core", "{2C5ADB42-46EE-4E3E-A8E5-CC2F0E100EC9}"
EndProject
Project("{2150E333-8FDC-42A3-9474-1A3956D46DE8}") = "Infrastructure", "Infrastructure", "{6D09AAB9-D75D-4273-9F78-11F03693D3C1}"
EndProject
Project("{2150E333-8FDC-42A3-9474-1A3956D46DE8}") = "Presentation", "Presentation", "{C3CE9903-B407-4891-9DCB-E1DA7E94719A}"
EndProject
Project("{FAE04EC0-301F-11D3-BF4B-00C04F79EFBC}") = "CubeInCube.Backend.WebAPI", "CubeInCube.Backend.WebAPI\CubeInCube.Backend.WebAPI.csproj", "{E9B75FDB-0B83-4888-B58E-3FEFA32FCB36}"
EndProject
Project("{FAE04EC0-301F-11D3-BF4B-00C04F79EFBC}") = "CubeInCube.Backend.Domain", "CubeInCube.Backend.Domain\CubeInCube.Backend.Domain.csproj", "{3BDD8BD1-0D4C-440B-ABF3-EED503A78403}"
EndProject
Project("{FAE04EC0-301F-11D3-BF4B-00C04F79EFBC}") = "CubeInCube.Backend.Services.Abstractions", "CubeInCube.Backend.Services.Abstractions\CubeInCube.Backend.Services.Abstractions.csproj", "{C9C6A101-D31B-4356-A823-AF0F0CAAC3DE}"
EndProject
Project("{FAE04EC0-301F-11D3-BF4B-00C04F79EFBC}") = "CubeInCube.Backend.Services", "CubeInCube.Backend.Services\CubeInCube.Backend.Services.csproj", "{1F593FD8-F4F2-4ACC-B9B0-4CF134724B0D}"
EndProject
Project("{FAE04EC0-301F-11D3-BF4B-00C04F79EFBC}") = "CubeInCube.Backend.Contracts", "CubeInCube.Backend.Contracts\CubeInCube.Backend.Contracts.csproj", "{789ED4A8-C95F-4AB2-9747-037715D3A6F6}"
EndProject
Global
	GlobalSection(SolutionConfigurationPlatforms) = preSolution
		Debug|Any CPU = Debug|Any CPU
		Release|Any CPU = Release|Any CPU
	EndGlobalSection
	GlobalSection(ProjectConfigurationPlatforms) = postSolution
		{E9B75FDB-0B83-4888-B58E-3FEFA32FCB36}.Debug|Any CPU.ActiveCfg = Debug|Any CPU
		{E9B75FDB-0B83-4888-B58E-3FEFA32FCB36}.Debug|Any CPU.Build.0 = Debug|Any CPU
		{E9B75FDB-0B83-4888-B58E-3FEFA32FCB36}.Release|Any CPU.ActiveCfg = Release|Any CPU
		{E9B75FDB-0B83-4888-B58E-3FEFA32FCB36}.Release|Any CPU.Build.0 = Release|Any CPU
		{3BDD8BD1-0D4C-440B-ABF3-EED503A78403}.Debug|Any CPU.ActiveCfg = Debug|Any CPU
		{3BDD8BD1-0D4C-440B-ABF3-EED503A78403}.Debug|Any CPU.Build.0 = Debug|Any CPU
		{3BDD8BD1-0D4C-440B-ABF3-EED503A78403}.Release|Any CPU.ActiveCfg = Release|Any CPU
		{3BDD8BD1-0D4C-440B-ABF3-EED503A78403}.Release|Any CPU.Build.0 = Release|Any CPU
		{C9C6A101-D31B-4356-A823-AF0F0CAAC3DE}.Debug|Any CPU.ActiveCfg = Debug|Any CPU
		{C9C6A101-D31B-4356-A823-AF0F0CAAC3DE}.Debug|Any CPU.Build.0 = Debug|Any CPU
		{C9C6A101-D31B-4356-A823-AF0F0CAAC3DE}.Release|Any CPU.ActiveCfg = Release|Any CPU
		{C9C6A101-D31B-4356-A823-AF0F0CAAC3DE}.Release|Any CPU.Build.0 = Release|Any CPU
		{1F593FD8-F4F2-4ACC-B9B0-4CF134724B0D}.Debug|Any CPU.ActiveCfg = Debug|Any CPU
		{1F593FD8-F4F2-4ACC-B9B0-4CF134724B0D}.Debug|Any CPU.Build.0 = Debug|Any CPU
		{1F593FD8-F4F2-4ACC-B9B0-4CF134724B0D}.Release|Any CPU.ActiveCfg = Release|Any CPU
		{1F593FD8-F4F2-4ACC-B9B0-4CF134724B0D}.Release|Any CPU.Build.0 = Release|Any CPU
		{789ED4A8-C95F-4AB2-9747-037715D3A6F6}.Debug|Any CPU.ActiveCfg = Debug|Any CPU
		{789ED4A8-C95F-4AB2-9747-037715D3A6F6}.Debug|Any CPU.Build.0 = Debug|Any CPU
		{789ED4A8-C95F-4AB2-9747-037715D3A6F6}.Release|Any CPU.ActiveCfg = Release|Any CPU
		{789ED4A8-C95F-4AB2-9747-037715D3A6F6}.Release|Any CPU.Build.0 = Release|Any CPU
	EndGlobalSection
	GlobalSection(SolutionProperties) = preSolution
		HideSolutionNode = FALSE
	EndGlobalSection
	GlobalSection(NestedProjects) = preSolution
		{E9B75FDB-0B83-4888-B58E-3FEFA32FCB36} = {C3CE9903-B407-4891-9DCB-E1DA7E94719A}
		{3BDD8BD1-0D4C-440B-ABF3-EED503A78403} = {2C5ADB42-46EE-4E3E-A8E5-CC2F0E100EC9}
		{C9C6A101-D31B-4356-A823-AF0F0CAAC3DE} = {2C5ADB42-46EE-4E3E-A8E5-CC2F0E100EC9}
		{1F593FD8-F4F2-4ACC-B9B0-4CF134724B0D} = {2C5ADB42-46EE-4E3E-A8E5-CC2F0E100EC9}
		{789ED4A8-C95F-4AB2-9747-037715D3A6F6} = {2C5ADB42-46EE-4E3E-A8E5-CC2F0E100EC9}
	EndGlobalSection
	GlobalSection(ExtensibilityGlobals) = postSolution
		SolutionGuid = {500AD7E9-7A7C-49DF-B5F7-23E0F31E2679}
	EndGlobalSection
EndGlobal
